
Microsoft Visual Studio Solution File, Format Version 12.00
# Visual Studio Version 17
VisualStudioVersion = 17.13.35913.81 d17.13
MinimumVisualStudioVersion = 10.0.40219.1
Project("{FAE04EC0-301F-11D3-BF4B-00C04F79EFBC}") = "BMIcalc", "BMIcalc\BMIcalc.csproj", "{A1499308-F207-4184-84A3-AEAB82E2568E}"
EndProject
Global
	GlobalSection(SolutionConfigurationPlatforms) = preSolution
		Debug|Any CPU = Debug|Any CPU
		Release|Any CPU = Release|Any CPU
	EndGlobalSection
	GlobalSection(ProjectConfigurationPlatforms) = postSolution
		{A1499308-F207-4184-84A3-AEAB82E2568E}.Debug|Any CPU.ActiveCfg = Debug|Any CPU
		{A1499308-F207-4184-84A3-AEAB82E2568E}.Debug|Any CPU.Build.0 = Debug|Any CPU
		{A1499308-F207-4184-84A3-AEAB82E2568E}.Release|Any CPU.ActiveCfg = Release|Any CPU
		{A1499308-F207-4184-84A3-AEAB82E2568E}.Release|Any CPU.Build.0 = Release|Any CPU
	EndGlobalSection
	GlobalSection(SolutionProperties) = preSolution
		HideSolutionNode = FALSE
	EndGlobalSection
	GlobalSection(ExtensibilityGlobals) = postSolution
		SolutionGuid = {871E3F09-04AB-417B-8906-6DA0FBFCC9E4}
	EndGlobalSection
EndGlobal
